// !$*UTF8*$!
{
	archiveVersion = 1;
	classes = {
	};
	objectVersion = 46;
	objects = {

/* Begin PBXBuildFile section */
		36E7B75C1C06CC1B00EDA769 /* AppDelegate.swift in Sources */ = {isa = PBXBuildFile; fileRef = 36E7B75B1C06CC1B00EDA769 /* AppDelegate.swift */; };
		36E7B75E1C06CC1B00EDA769 /* ViewController.swift in Sources */ = {isa = PBXBuildFile; fileRef = 36E7B75D1C06CC1B00EDA769 /* ViewController.swift */; };
		36E7B7611C06CC1B00EDA769 /* Main.storyboard in Resources */ = {isa = PBXBuildFile; fileRef = 36E7B75F1C06CC1B00EDA769 /* Main.storyboard */; };
		36E7B7631C06CC1B00EDA769 /* Assets.xcassets in Resources */ = {isa = PBXBuildFile; fileRef = 36E7B7621C06CC1B00EDA769 /* Assets.xcassets */; };
		36E7B7661C06CC1B00EDA769 /* LaunchScreen.storyboard in Resources */ = {isa = PBXBuildFile; fileRef = 36E7B7641C06CC1B00EDA769 /* LaunchScreen.storyboard */; };
		36E7B7711C06CC1B00EDA769 /* quickTestTests.swift in Sources */ = {isa = PBXBuildFile; fileRef = 36E7B7701C06CC1B00EDA769 /* quickTestTests.swift */; };
		36E7B77C1C06CC1B00EDA769 /* quickTestUITests.swift in Sources */ = {isa = PBXBuildFile; fileRef = 36E7B77B1C06CC1B00EDA769 /* quickTestUITests.swift */; };
/* End PBXBuildFile section */

/* Begin PBXContainerItemProxy section */
		36E7B76D1C06CC1B00EDA769 /* PBXContainerItemProxy */ = {
			isa = PBXContainerItemProxy;
			containerPortal = 36E7B7501C06CC1A00EDA769 /* Project object */;
			proxyType = 1;
			remoteGlobalIDString = 36E7B7571C06CC1B00EDA769;
			remoteInfo = quickTest;
		};
		36E7B7781C06CC1B00EDA769 /* PBXContainerItemProxy */ = {
			isa = PBXContainerItemProxy;
			containerPortal = 36E7B7501C06CC1A00EDA769 /* Project object */;
			proxyType = 1;
			remoteGlobalIDString = 36E7B7571C06CC1B00EDA769;
			remoteInfo = quickTest;
		};
/* End PBXContainerItemProxy section */

/* Begin PBXFileReference section */
		36E7B7581C06CC1B00EDA769 /* quickTest.app */ = {isa = PBXFileReference; explicitFileType = wrapper.application; includeInIndex = 0; path = quickTest.app; sourceTree = BUILT_PRODUCTS_DIR; };
		36E7B75B1C06CC1B00EDA769 /* AppDelegate.swift */ = {isa = PBXFileReference; lastKnownFileType = sourcecode.swift; path = AppDelegate.swift; sourceTree = "<group>"; };
		36E7B75D1C06CC1B00EDA769 /* ViewController.swift */ = {isa = PBXFileReference; lastKnownFileType = sourcecode.swift; path = ViewController.swift; sourceTree = "<group>"; };
		36E7B7601C06CC1B00EDA769 /* Base */ = {isa = PBXFileReference; lastKnownFileType = file.storyboard; name = Base; path = Base.lproj/Main.storyboard; sourceTree = "<group>"; };
		36E7B7621C06CC1B00EDA769 /* Assets.xcassets */ = {isa = PBXFileReference; lastKnownFileType = folder.assetcatalog; path = Assets.xcassets; sourceTree = "<group>"; };
		36E7B7651C06CC1B00EDA769 /* Base */ = {isa = PBXFileReference; lastKnownFileType = file.storyboard; name = Base; path = Base.lproj/LaunchScreen.storyboard; sourceTree = "<group>"; };
		36E7B7671C06CC1B00EDA769 /* Info.plist */ = {isa = PBXFileReference; lastKnownFileType = text.plist.xml; path = Info.plist; sourceTree = "<group>"; };
		36E7B76C1C06CC1B00EDA769 /* quickTestTests.xctest */ = {isa = PBXFileReference; explicitFileType = wrapper.cfbundle; includeInIndex = 0; path = quickTestTests.xctest; sourceTree = BUILT_PRODUCTS_DIR; };
		36E7B7701C06CC1B00EDA769 /* quickTestTests.swift */ = {isa = PBXFileReference; lastKnownFileType = sourcecode.swift; path = quickTestTests.swift; sourceTree = "<group>"; };
		36E7B7721C06CC1B00EDA769 /* Info.plist */ = {isa = PBXFileReference; lastKnownFileType = text.plist.xml; path = Info.plist; sourceTree = "<group>"; };
		36E7B7771C06CC1B00EDA769 /* quickTestUITests.xctest */ = {isa = PBXFileReference; explicitFileType = wrapper.cfbundle; includeInIndex = 0; path = quickTestUITests.xctest; sourceTree = BUILT_PRODUCTS_DIR; };
		36E7B77B1C06CC1B00EDA769 /* quickTestUITests.swift */ = {isa = PBXFileReference; lastKnownFileType = sourcecode.swift; path = quickTestUITests.swift; sourceTree = "<group>"; };
		36E7B77D1C06CC1B00EDA769 /* Info.plist */ = {isa = PBXFileReference; lastKnownFileType = text.plist.xml; path = Info.plist; sourceTree = "<group>"; };
/* End PBXFileReference section */

/* Begin PBXFrameworksBuildPhase section */
		36E7B7551C06CC1B00EDA769 /* Frameworks */ = {
			isa = PBXFrameworksBuildPhase;
			buildActionMask = 2147483647;
			files = (
			);
			runOnlyForDeploymentPostprocessing = 0;
		};
		36E7B7691C06CC1B00EDA769 /* Frameworks */ = {
			isa = PBXFrameworksBuildPhase;
			buildActionMask = 2147483647;
			files = (
			);
			runOnlyForDeploymentPostprocessing = 0;
		};
		36E7B7741C06CC1B00EDA769 /* Frameworks */ = {
			isa = PBXFrameworksBuildPhase;
			buildActionMask = 2147483647;
			files = (
			);
			runOnlyForDeploymentPostprocessing = 0;
		};
/* End PBXFrameworksBuildPhase section */

/* Begin PBXGroup section */
		36E7B74F1C06CC1A00EDA769 = {
			isa = PBXGroup;
			children = (
				36E7B75A1C06CC1B00EDA769 /* quickTest */,
				36E7B76F1C06CC1B00EDA769 /* quickTestTests */,
				36E7B77A1C06CC1B00EDA769 /* quickTestUITests */,
				36E7B7591C06CC1B00EDA769 /* Products */,
			);
			sourceTree = "<group>";
		};
		36E7B7591C06CC1B00EDA769 /* Products */ = {
			isa = PBXGroup;
			children = (
				36E7B7581C06CC1B00EDA769 /* quickTest.app */,
				36E7B76C1C06CC1B00EDA769 /* quickTestTests.xctest */,
				36E7B7771C06CC1B00EDA769 /* quickTestUITests.xctest */,
			);
			name = Products;
			sourceTree = "<group>";
		};
		36E7B75A1C06CC1B00EDA769 /* quickTest */ = {
			isa = PBXGroup;
			children = (
				36E7B75B1C06CC1B00EDA769 /* AppDelegate.swift */,
				36E7B75D1C06CC1B00EDA769 /* ViewController.swift */,
				36E7B75F1C06CC1B00EDA769 /* Main.storyboard */,
				36E7B7621C06CC1B00EDA769 /* Assets.xcassets */,
				36E7B7641C06CC1B00EDA769 /* LaunchScreen.storyboard */,
				36E7B7671C06CC1B00EDA769 /* Info.plist */,
			);
			path = quickTest;
			sourceTree = "<group>";
		};
		36E7B76F1C06CC1B00EDA769 /* quickTestTests */ = {
			isa = PBXGroup;
			children = (
				36E7B7701C06CC1B00EDA769 /* quickTestTests.swift */,
				36E7B7721C06CC1B00EDA769 /* Info.plist */,
			);
			path = quickTestTests;
			sourceTree = "<group>";
		};
		36E7B77A1C06CC1B00EDA769 /* quickTestUITests */ = {
			isa = PBXGroup;
			children = (
				36E7B77B1C06CC1B00EDA769 /* quickTestUITests.swift */,
				36E7B77D1C06CC1B00EDA769 /* Info.plist */,
			);
			path = quickTestUITests;
			sourceTree = "<group>";
		};
/* End PBXGroup section */

/* Begin PBXNativeTarget section */
		36E7B7571C06CC1B00EDA769 /* quickTest */ = {
			isa = PBXNativeTarget;
			buildConfigurationList = 36E7B7801C06CC1B00EDA769 /* Build configuration list for PBXNativeTarget "quickTest" */;
			buildPhases = (
				36E7B7541C06CC1B00EDA769 /* Sources */,
				36E7B7551C06CC1B00EDA769 /* Frameworks */,
				36E7B7561C06CC1B00EDA769 /* Resources */,
			);
			buildRules = (
			);
			dependencies = (
			);
			name = quickTest;
			productName = quickTest;
			productReference = 36E7B7581C06CC1B00EDA769 /* quickTest.app */;
			productType = "com.apple.product-type.application";
		};
		36E7B76B1C06CC1B00EDA769 /* quickTestTests */ = {
			isa = PBXNativeTarget;
			buildConfigurationList = 36E7B7831C06CC1B00EDA769 /* Build configuration list for PBXNativeTarget "quickTestTests" */;
			buildPhases = (
				36E7B7681C06CC1B00EDA769 /* Sources */,
				36E7B7691C06CC1B00EDA769 /* Frameworks */,
				36E7B76A1C06CC1B00EDA769 /* Resources */,
			);
			buildRules = (
			);
			dependencies = (
				36E7B76E1C06CC1B00EDA769 /* PBXTargetDependency */,
			);
			name = quickTestTests;
			productName = quickTestTests;
			productReference = 36E7B76C1C06CC1B00EDA769 /* quickTestTests.xctest */;
			productType = "com.apple.product-type.bundle.unit-test";
		};
		36E7B7761C06CC1B00EDA769 /* quickTestUITests */ = {
			isa = PBXNativeTarget;
			buildConfigurationList = 36E7B7861C06CC1B00EDA769 /* Build configuration list for PBXNativeTarget "quickTestUITests" */;
			buildPhases = (
				36E7B7731C06CC1B00EDA769 /* Sources */,
				36E7B7741C06CC1B00EDA769 /* Frameworks */,
				36E7B7751C06CC1B00EDA769 /* Resources */,
			);
			buildRules = (
			);
			dependencies = (
				36E7B7791C06CC1B00EDA769 /* PBXTargetDependency */,
			);
			name = quickTestUITests;
			productName = quickTestUITests;
			productReference = 36E7B7771C06CC1B00EDA769 /* quickTestUITests.xctest */;
			productType = "com.apple.product-type.bundle.ui-testing";
		};
/* End PBXNativeTarget section */

/* Begin PBXProject section */
		36E7B7501C06CC1A00EDA769 /* Project object */ = {
			isa = PBXProject;
			attributes = {
				LastSwiftUpdateCheck = 0710;
				LastUpgradeCheck = 0710;
				ORGANIZATIONNAME = "BNC Software";
				TargetAttributes = {
					36E7B7571C06CC1B00EDA769 = {
						CreatedOnToolsVersion = 7.1.1;
					};
					36E7B76B1C06CC1B00EDA769 = {
						CreatedOnToolsVersion = 7.1.1;
						TestTargetID = 36E7B7571C06CC1B00EDA769;
					};
					36E7B7761C06CC1B00EDA769 = {
						CreatedOnToolsVersion = 7.1.1;
						TestTargetID = 36E7B7571C06CC1B00EDA769;
					};
				};
			};
			buildConfigurationList = 36E7B7531C06CC1A00EDA769 /* Build configuration list for PBXProject "quickTest" */;
			compatibilityVersion = "Xcode 3.2";
			developmentRegion = English;
			hasScannedForEncodings = 0;
			knownRegions = (
				en,
				Base,
			);
			mainGroup = 36E7B74F1C06CC1A00EDA769;
			productRefGroup = 36E7B7591C06CC1B00EDA769 /* Products */;
			projectDirPath = "";
			projectRoot = "";
			targets = (
				36E7B7571C06CC1B00EDA769 /* quickTest */,
				36E7B76B1C06CC1B00EDA769 /* quickTestTests */,
				36E7B7761C06CC1B00EDA769 /* quickTestUITests */,
			);
		};
/* End PBXProject section */

/* Begin PBXResourcesBuildPhase section */
		36E7B7561C06CC1B00EDA769 /* Resources */ = {
			isa = PBXResourcesBuildPhase;
			buildActionMask = 2147483647;
			files = (
				36E7B7661C06CC1B00EDA769 /* LaunchScreen.storyboard in Resources */,
				36E7B7631C06CC1B00EDA769 /* Assets.xcassets in Resources */,
				36E7B7611C06CC1B00EDA769 /* Main.storyboard in Resources */,
			);
			runOnlyForDeploymentPostprocessing = 0;
		};
		36E7B76A1C06CC1B00EDA769 /* Resources */ = {
			isa = PBXResourcesBuildPhase;
			buildActionMask = 2147483647;
			files = (
			);
			runOnlyForDeploymentPostprocessing = 0;
		};
		36E7B7751C06CC1B00EDA769 /* Resources */ = {
			isa = PBXResourcesBuildPhase;
			buildActionMask = 2147483647;
			files = (
			);
			runOnlyForDeploymentPostprocessing = 0;
		};
/* End PBXResourcesBuildPhase section */

/* Begin PBXSourcesBuildPhase section */
		36E7B7541C06CC1B00EDA769 /* Sources */ = {
			isa = PBXSourcesBuildPhase;
			buildActionMask = 2147483647;
			files = (
				36E7B75E1C06CC1B00EDA769 /* ViewController.swift in Sources */,
				36E7B75C1C06CC1B00EDA769 /* AppDelegate.swift in Sources */,
			);
			runOnlyForDeploymentPostprocessing = 0;
		};
		36E7B7681C06CC1B00EDA769 /* Sources */ = {
			isa = PBXSourcesBuildPhase;
			buildActionMask = 2147483647;
			files = (
				36E7B7711C06CC1B00EDA769 /* quickTestTests.swift in Sources */,
			);
			runOnlyForDeploymentPostprocessing = 0;
		};
		36E7B7731C06CC1B00EDA769 /* Sources */ = {
			isa = PBXSourcesBuildPhase;
			buildActionMask = 2147483647;
			files = (
				36E7B77C1C06CC1B00EDA769 /* quickTestUITests.swift in Sources */,
			);
			runOnlyForDeploymentPostprocessing = 0;
		};
/* End PBXSourcesBuildPhase section */

/* Begin PBXTargetDependency section */
		36E7B76E1C06CC1B00EDA769 /* PBXTargetDependency */ = {
			isa = PBXTargetDependency;
			target = 36E7B7571C06CC1B00EDA769 /* quickTest */;
			targetProxy = 36E7B76D1C06CC1B00EDA769 /* PBXContainerItemProxy */;
		};
		36E7B7791C06CC1B00EDA769 /* PBXTargetDependency */ = {
			isa = PBXTargetDependency;
			target = 36E7B7571C06CC1B00EDA769 /* quickTest */;
			targetProxy = 36E7B7781C06CC1B00EDA769 /* PBXContainerItemProxy */;
		};
/* End PBXTargetDependency section */

/* Begin PBXVariantGroup section */
		36E7B75F1C06CC1B00EDA769 /* Main.storyboard */ = {
			isa = PBXVariantGroup;
			children = (
				36E7B7601C06CC1B00EDA769 /* Base */,
			);
			name = Main.storyboard;
			sourceTree = "<group>";
		};
		36E7B7641C06CC1B00EDA769 /* LaunchScreen.storyboard */ = {
			isa = PBXVariantGroup;
			children = (
				36E7B7651C06CC1B00EDA769 /* Base */,
			);
			name = LaunchScreen.storyboard;
			sourceTree = "<group>";
		};
/* End PBXVariantGroup section */

/* Begin XCBuildConfiguration section */
		36E7B77E1C06CC1B00EDA769 /* Debug */ = {
			isa = XCBuildConfiguration;
			buildSettings = {
				ALWAYS_SEARCH_USER_PATHS = NO;
				CLANG_CXX_LANGUAGE_STANDARD = "gnu++0x";
				CLANG_CXX_LIBRARY = "libc++";
				CLANG_ENABLE_MODULES = YES;
				CLANG_ENABLE_OBJC_ARC = YES;
				CLANG_WARN_BOOL_CONVERSION = YES;
				CLANG_WARN_CONSTANT_CONVERSION = YES;
				CLANG_WARN_DIRECT_OBJC_ISA_USAGE = YES_ERROR;
				CLANG_WARN_EMPTY_BODY = YES;
				CLANG_WARN_ENUM_CONVERSION = YES;
				CLANG_WARN_INT_CONVERSION = YES;
				CLANG_WARN_OBJC_ROOT_CLASS = YES_ERROR;
				CLANG_WARN_UNREACHABLE_CODE = YES;
				CLANG_WARN__DUPLICATE_METHOD_MATCH = YES;
				"CODE_SIGN_IDENTITY[sdk=iphoneos*]" = "iPhone Developer";
				COPY_PHASE_STRIP = NO;
				DEBUG_INFORMATION_FORMAT = dwarf;
				ENABLE_STRICT_OBJC_MSGSEND = YES;
				ENABLE_TESTABILITY = YES;
				GCC_C_LANGUAGE_STANDARD = gnu99;
				GCC_DYNAMIC_NO_PIC = NO;
				GCC_NO_COMMON_BLOCKS = YES;
				GCC_OPTIMIZATION_LEVEL = 0;
				GCC_PREPROCESSOR_DEFINITIONS = (
					"DEBUG=1",
					"$(inherited)",
				);
				GCC_WARN_64_TO_32_BIT_CONVERSION = YES;
				GCC_WARN_ABOUT_RETURN_TYPE = YES_ERROR;
				GCC_WARN_UNDECLARED_SELECTOR = YES;
				GCC_WARN_UNINITIALIZED_AUTOS = YES_AGGRESSIVE;
				GCC_WARN_UNUSED_FUNCTION = YES;
				GCC_WARN_UNUSED_VARIABLE = YES;
				IPHONEOS_DEPLOYMENT_TARGET = 9.1;
				MTL_ENABLE_DEBUG_INFO = YES;
				ONLY_ACTIVE_ARCH = YES;
				SDKROOT = iphoneos;
				SWIFT_OPTIMIZATION_LEVEL = "-Onone";
				TARGETED_DEVICE_FAMILY = "1,2";
			};
			name = Debug;
		};
		36E7B77F1C06CC1B00EDA769 /* Release */ = {
			isa = XCBuildConfiguration;
			buildSettings = {
				ALWAYS_SEARCH_USER_PATHS = NO;
				CLANG_CXX_LANGUAGE_STANDARD = "gnu++0x";
				CLANG_CXX_LIBRARY = "libc++";
				CLANG_ENABLE_MODULES = YES;
				CLANG_ENABLE_OBJC_ARC = YES;
				CLANG_WARN_BOOL_CONVERSION = YES;
				CLANG_WARN_CONSTANT_CONVERSION = YES;
				CLANG_WARN_DIRECT_OBJC_ISA_USAGE = YES_ERROR;
				CLANG_WARN_EMPTY_BODY = YES;
				CLANG_WARN_ENUM_CONVERSION = YES;
				CLANG_WARN_INT_CONVERSION = YES;
				CLANG_WARN_OBJC_ROOT_CLASS = YES_ERROR;
				CLANG_WARN_UNREACHABLE_CODE = YES;
				CLANG_WARN__DUPLICATE_METHOD_MATCH = YES;
				"CODE_SIGN_IDENTITY[sdk=iphoneos*]" = "iPhone Developer";
				COPY_PHASE_STRIP = NO;
				DEBUG_INFORMATION_FORMAT = "dwarf-with-dsym";
				ENABLE_NS_ASSERTIONS = NO;
				ENABLE_STRICT_OBJC_MSGSEND = YES;
				GCC_C_LANGUAGE_STANDARD = gnu99;
				GCC_NO_COMMON_BLOCKS = YES;
				GCC_WARN_64_TO_32_BIT_CONVERSION = YES;
				GCC_WARN_ABOUT_RETURN_TYPE = YES_ERROR;
				GCC_WARN_UNDECLARED_SELECTOR = YES;
				GCC_WARN_UNINITIALIZED_AUTOS = YES_AGGRESSIVE;
				GCC_WARN_UNUSED_FUNCTION = YES;
				GCC_WARN_UNUSED_VARIABLE = YES;
				IPHONEOS_DEPLOYMENT_TARGET = 9.1;
				MTL_ENABLE_DEBUG_INFO = NO;
				SDKROOT = iphoneos;
				TARGETED_DEVICE_FAMILY = "1,2";
				VALIDATE_PRODUCT = YES;
			};
			name = Release;
		};
		36E7B7811C06CC1B00EDA769 /* Debug */ = {
			isa = XCBuildConfiguration;
			buildSettings = {
				ASSETCATALOG_COMPILER_APPICON_NAME = AppIcon;
				INFOPLIST_FILE = quickTest/Info.plist;
				LD_RUNPATH_SEARCH_PATHS = "$(inherited) @executable_path/Frameworks";
				PRODUCT_BUNDLE_IDENTIFIER = com.bncsoftware.quickTest;
				PRODUCT_NAME = "$(TARGET_NAME)";
			};
			name = Debug;
		};
		36E7B7821C06CC1B00EDA769 /* Release */ = {
			isa = XCBuildConfiguration;
			buildSettings = {
				ASSETCATALOG_COMPILER_APPICON_NAME = AppIcon;
				INFOPLIST_FILE = quickTest/Info.plist;
				LD_RUNPATH_SEARCH_PATHS = "$(inherited) @executable_path/Frameworks";
				PRODUCT_BUNDLE_IDENTIFIER = com.bncsoftware.quickTest;
				PRODUCT_NAME = "$(TARGET_NAME)";
			};
			name = Release;
		};
		36E7B7841C06CC1B00EDA769 /* Debug */ = {
			isa = XCBuildConfiguration;
			buildSettings = {
				BUNDLE_LOADER = "$(TEST_HOST)";
				INFOPLIST_FILE = quickTestTests/Info.plist;
				LD_RUNPATH_SEARCH_PATHS = "$(inherited) @executable_path/Frameworks @loader_path/Frameworks";
				PRODUCT_BUNDLE_IDENTIFIER = com.bncsoftware.quickTestTests;
				PRODUCT_NAME = "$(TARGET_NAME)";
				TEST_HOST = "$(BUILT_PRODUCTS_DIR)/quickTest.app/quickTest";
			};
			name = Debug;
		};
		36E7B7851C06CC1B00EDA769 /* Release */ = {
			isa = XCBuildConfiguration;
			buildSettings = {
				BUNDLE_LOADER = "$(TEST_HOST)";
				INFOPLIST_FILE = quickTestTests/Info.plist;
				LD_RUNPATH_SEARCH_PATHS = "$(inherited) @executable_path/Frameworks @loader_path/Frameworks";
				PRODUCT_BUNDLE_IDENTIFIER = com.bncsoftware.quickTestTests;
				PRODUCT_NAME = "$(TARGET_NAME)";
				TEST_HOST = "$(BUILT_PRODUCTS_DIR)/quickTest.app/quickTest";
			};
			name = Release;
		};
		36E7B7871C06CC1B00EDA769 /* Debug */ = {
			isa = XCBuildConfiguration;
			buildSettings = {
				INFOPLIST_FILE = quickTestUITests/Info.plist;
				LD_RUNPATH_SEARCH_PATHS = "$(inherited) @executable_path/Frameworks @loader_path/Frameworks";
				PRODUCT_BUNDLE_IDENTIFIER = com.bncsoftware.quickTestUITests;
				PRODUCT_NAME = "$(TARGET_NAME)";
				TEST_TARGET_NAME = quickTest;
				USES_XCTRUNNER = YES;
			};
			name = Debug;
		};
		36E7B7881C06CC1B00EDA769 /* Release */ = {
			isa = XCBuildConfiguration;
			buildSettings = {
				INFOPLIST_FILE = quickTestUITests/Info.plist;
				LD_RUNPATH_SEARCH_PATHS = "$(inherited) @executable_path/Frameworks @loader_path/Frameworks";
				PRODUCT_BUNDLE_IDENTIFIER = com.bncsoftware.quickTestUITests;
				PRODUCT_NAME = "$(TARGET_NAME)";
				TEST_TARGET_NAME = quickTest;
				USES_XCTRUNNER = YES;
			};
			name = Release;
		};
/* End XCBuildConfiguration section */

/* Begin XCConfigurationList section */
		36E7B7531C06CC1A00EDA769 /* Build configuration list for PBXProject "quickTest" */ = {
			isa = XCConfigurationList;
			buildConfigurations = (
				36E7B77E1C06CC1B00EDA769 /* Debug */,
				36E7B77F1C06CC1B00EDA769 /* Release */,
			);
			defaultConfigurationIsVisible = 0;
			defaultConfigurationName = Release;
		};
		36E7B7801C06CC1B00EDA769 /* Build configuration list for PBXNativeTarget "quickTest" */ = {
			isa = XCConfigurationList;
			buildConfigurations = (
				36E7B7811C06CC1B00EDA769 /* Debug */,
				36E7B7821C06CC1B00EDA769 /* Release */,
			);
			defaultConfigurationIsVisible = 0;
		};
		36E7B7831C06CC1B00EDA769 /* Build configuration list for PBXNativeTarget "quickTestTests" */ = {
			isa = XCConfigurationList;
			buildConfigurations = (
				36E7B7841C06CC1B00EDA769 /* Debug */,
				36E7B7851C06CC1B00EDA769 /* Release */,
			);
			defaultConfigurationIsVisible = 0;
		};
		36E7B7861C06CC1B00EDA769 /* Build configuration list for PBXNativeTarget "quickTestUITests" */ = {
			isa = XCConfigurationList;
			buildConfigurations = (
				36E7B7871C06CC1B00EDA769 /* Debug */,
				36E7B7881C06CC1B00EDA769 /* Release */,
			);
			defaultConfigurationIsVisible = 0;
		};
/* End XCConfigurationList section */
	};
	rootObject = 36E7B7501C06CC1A00EDA769 /* Project object */;
}
